{
  "name": "client",
  "version": "0.1.0",
  "lockfileVersion": 1,
  "requires": true,
  "dependencies": {
    "@types/zen-observable": {
      "version": "0.8.0",
      "resolved": "https://registry.npmjs.org/@types/zen-observable/-/zen-observable-0.8.0.tgz",
      "integrity": "sha512-te5lMAWii1uEJ4FwLjzdlbw3+n0FZNOvFXHxQDKeT0dilh7HOzdMzV2TrJVUzq8ep7J4Na8OUYPRLSQkJHAlrg=="
    },
    "apollo-cache": {
      "version": "1.2.0",
      "resolved": "https://registry.npmjs.org/apollo-cache/-/apollo-cache-1.2.0.tgz",
      "integrity": "sha512-aZduG7o75crjWeONq9kVzkqO9hAcEklo3oN6Rd+ANpB+ImRklCFkz88XdXQ2/GHV26jh8VtQJIhiNIow10QzIg==",
      "requires": {
        "apollo-utilities": "^1.2.0",
        "tslib": "^1.9.3"
      }
    },
    "apollo-cache-inmemory": {
      "version": "1.5.0",
      "resolved": "https://registry.npmjs.org/apollo-cache-inmemory/-/apollo-cache-inmemory-1.5.0.tgz",
      "integrity": "sha512-hyg8R7G3XOfZhl8fQLs0vGEwi2rr8PuEIiumCY4qmwviaGsmwjs/Dm63cyeMm3Sfu05vzFQkwMdBf5u7xBg3cQ==",
      "requires": {
        "apollo-cache": "^1.2.0",
        "apollo-utilities": "^1.2.0",
        "optimism": "^0.6.9",
        "ts-invariant": "^0.2.1",
        "tslib": "^1.9.3"
      }
    },
    "apollo-client": {
      "version": "2.5.0",
      "resolved": "https://registry.npmjs.org/apollo-client/-/apollo-client-2.5.0.tgz",
      "integrity": "sha512-px2qCsbxrJFy+nkEOmtCMTl7svPMYlmoqKVfJx3ZAdE4mdlQp9BMm47nT7l9pHdez5U/QJmpgz5OICHLfjloGg==",
      "requires": {
        "@types/zen-observable": "^0.8.0",
        "apollo-cache": "1.2.0",
        "apollo-link": "^1.0.0",
        "apollo-link-dedup": "^1.0.0",
        "apollo-utilities": "1.2.0",
        "symbol-observable": "^1.0.2",
        "ts-invariant": "^0.2.1",
        "tslib": "^1.9.3",
        "zen-observable": "^0.8.0"
      }
    },
    "apollo-link": {
      "version": "1.2.8",
      "resolved": "https://registry.npmjs.org/apollo-link/-/apollo-link-1.2.8.tgz",
      "integrity": "sha512-lfzGRxhK9RmiH3HPFi7TIEBhhDY9M5a2ZDnllcfy5QDk7cCQHQ1WQArcw1FK0g1B+mV4Kl72DSrlvZHZJEolrA==",
      "requires": {
        "zen-observable-ts": "^0.8.15"
      }
    },
    "apollo-link-dedup": {
      "version": "1.0.15",
      "resolved": "https://registry.npmjs.org/apollo-link-dedup/-/apollo-link-dedup-1.0.15.tgz",
      "integrity": "sha512-14/+Tg7ogcYVrvZa8C7uBQIvX2B/dCKSnojI41yDYGp/t2eWD5ITCWdgjhciXpi0Ij6z+NRyMEebACz3EOwm4w==",
      "requires": {
        "apollo-link": "^1.2.8"
      }
    },
    "apollo-utilities": {
      "version": "1.2.0",
      "resolved": "https://registry.npmjs.org/apollo-utilities/-/apollo-utilities-1.2.0.tgz",
      "integrity": "sha512-4+vxCpEuirQjPqLCckBnOMGZxK/c+2eJtYEbh3xhccNM1pYB5Gx/lrfCdZS5MKDykuWZYY08EvidDy21nr049w==",
      "requires": {
        "fast-json-stable-stringify": "^2.0.0",
        "ts-invariant": "^0.2.1",
        "tslib": "^1.9.3"
      }
    },
    "fast-json-stable-stringify": {
      "version": "2.0.0",
      "resolved": "https://registry.npmjs.org/fast-json-stable-stringify/-/fast-json-stable-stringify-2.0.0.tgz",
      "integrity": "sha1-1RQsDK7msRifh9OnYREGT4bIu/I="
    },
    "hoist-non-react-statics": {
      "version": "3.3.0",
      "resolved": "https://registry.npmjs.org/hoist-non-react-statics/-/hoist-non-react-statics-3.3.0.tgz",
      "integrity": "sha512-0XsbTXxgiaCDYDIWFcwkmerZPSwywfUqYmwT4jzewKTQSWoE6FCMoUVOeBJWK3E/CrWbxRG3m5GzY4lnIwGRBA==",
      "requires": {
        "react-is": "^16.7.0"
      }
    },
    "immutable-tuple": {
      "version": "0.4.10",
      "resolved": "https://registry.npmjs.org/immutable-tuple/-/immutable-tuple-0.4.10.tgz",
      "integrity": "sha512-45jheDbc3Kr5Cw8EtDD+4woGRUV0utIrJBZT8XH0TPZRfm8tzT0/sLGGzyyCCFqFMG5Pv5Igf3WY/arn6+8V9Q=="
    },
    "js-tokens": {
      "version": "4.0.0",
      "resolved": "https://registry.npmjs.org/js-tokens/-/js-tokens-4.0.0.tgz",
      "integrity": "sha512-RdJUflcE3cUzKiMqQgsCu06FPu9UdIJO0beYbPhHN4k6apgJtifcoCtT9bcxOpYBtpD2kCM6Sbzg4CausW/PKQ=="
    },
    "lodash.isequal": {
      "version": "4.5.0",
      "resolved": "https://registry.npmjs.org/lodash.isequal/-/lodash.isequal-4.5.0.tgz",
      "integrity": "sha1-QVxEePK8wwEgwizhDtMib30+GOA="
    },
    "loose-envify": {
      "version": "1.4.0",
      "resolved": "https://registry.npmjs.org/loose-envify/-/loose-envify-1.4.0.tgz",
      "integrity": "sha512-lyuxPGr/Wfhrlem2CL/UcnUc1zcqKAImBDzukY7Y5F/yQiNdko6+fRLevlw1HgMySw7f611UIY408EtxRSoK3Q==",
      "requires": {
        "js-tokens": "^3.0.0 || ^4.0.0"
      }
    },
    "object-assign": {
      "version": "4.1.1",
      "resolved": "https://registry.npmjs.org/object-assign/-/object-assign-4.1.1.tgz",
      "integrity": "sha1-IQmtx5ZYh8/AXLvUQsrIv7s2CGM="
    },
    "optimism": {
      "version": "0.6.9",
      "resolved": "https://registry.npmjs.org/optimism/-/optimism-0.6.9.tgz",
      "integrity": "sha512-xoQm2lvXbCA9Kd7SCx6y713Y7sZ6fUc5R6VYpoL5M6svKJbTuvtNopexK8sO8K4s0EOUYHuPN2+yAEsNyRggkQ==",
      "requires": {
        "immutable-tuple": "^0.4.9"
      }
    },
    "prop-types": {
      "version": "15.7.2",
      "resolved": "https://registry.npmjs.org/prop-types/-/prop-types-15.7.2.tgz",
      "integrity": "sha512-8QQikdH7//R2vurIJSutZ1smHYTcLpRWEOlHnzcWHmBYrOGUysKwSsrC89BCiFj3CbrfJ/nXFdJepOVrY1GCHQ==",
      "requires": {
        "loose-envify": "^1.4.0",
        "object-assign": "^4.1.1",
        "react-is": "^16.8.1"
      }
    },
    "react-apollo": {
      "version": "2.5.0",
      "resolved": "https://registry.npmjs.org/react-apollo/-/react-apollo-2.5.0.tgz",
      "integrity": "sha512-AlLPEY7zCRaEiaolBU3HnpfZXmiPUZEPBY8tuK8El7xHgBPAlmURpirFF00BjvZmcU4TP54ghYYrKreuCGCfyw==",
      "requires": {
        "apollo-utilities": "^1.2.0",
        "hoist-non-react-statics": "^3.0.0",
        "lodash.isequal": "^4.5.0",
        "prop-types": "^15.6.0",
        "ts-invariant": "^0.2.1",
        "tslib": "^1.9.3"
      }
    },
    "react-is": {
      "version": "16.8.3",
      "resolved": "https://registry.npmjs.org/react-is/-/react-is-16.8.3.tgz",
      "integrity": "sha512-Y4rC1ZJmsxxkkPuMLwvKvlL1Zfpbcu+Bf4ZigkHup3v9EfdYhAlWAaVyA19olXq2o2mGn0w+dFKvk3pVVlYcIA=="
    },
    "symbol-observable": {
      "version": "1.2.0",
      "resolved": "https://registry.npmjs.org/symbol-observable/-/symbol-observable-1.2.0.tgz",
      "integrity": "sha512-e900nM8RRtGhlV36KGEU9k65K3mPb1WV70OdjfxlG2EAuM1noi/E/BaW/uMhL7bPEssK8QV57vN3esixjUvcXQ=="
    },
    "ts-invariant": {
      "version": "0.2.1",
      "resolved": "https://registry.npmjs.org/ts-invariant/-/ts-invariant-0.2.1.tgz",
      "integrity": "sha512-Z/JSxzVmhTo50I+LKagEISFJW3pvPCqsMWLamCTX8Kr3N5aMrnGOqcflbe5hLUzwjvgPfnLzQtHZv0yWQ+FIHg==",
      "requires": {
        "tslib": "^1.9.3"
      }
    },
    "tslib": {
      "version": "1.9.3",
      "resolved": "https://registry.npmjs.org/tslib/-/tslib-1.9.3.tgz",
      "integrity": "sha512-4krF8scpejhaOgqzBEcGM7yDIEfi0/8+8zDRZhNZZ2kjmHJ4hv3zCbQWxoJGz1iw5U0Jl0nma13xzHXcncMavQ=="
    },
    "zen-observable": {
      "version": "0.8.13",
      "resolved": "https://registry.npmjs.org/zen-observable/-/zen-observable-0.8.13.tgz",
      "integrity": "sha512-fa+6aDUVvavYsefZw0zaZ/v3ckEtMgCFi30sn91SEZea4y/6jQp05E3omjkX91zV6RVdn15fqnFZ6RKjRGbp2g=="
    },
    "zen-observable-ts": {
      "version": "0.8.15",
      "resolved": "https://registry.npmjs.org/zen-observable-ts/-/zen-observable-ts-0.8.15.tgz",
      "integrity": "sha512-sXKPWiw6JszNEkRv5dQ+lQCttyjHM2Iks74QU5NP8mMPS/NrzTlHDr780gf/wOBqmHkPO6NCLMlsa+fAQ8VE8w==",
      "requires": {
        "zen-observable": "^0.8.0"
      }
    }
  }
}
